// !$*UTF8*$!
{
	archiveVersion = 1;
	classes = {
	};
	objectVersion = 56;
	objects = {

/* Begin PBXBuildFile section */
		6000FF7728F5FBF00083595D /* CurrentMonthOverviewTile.swift in Sources */ = {isa = PBXBuildFile; fileRef = 6000FF7628F5FBF00083595D /* CurrentMonthOverviewTile.swift */; };
		6000FF7A28F5FEDE0083595D /* MonthlyOverviewViewModel.swift in Sources */ = {isa = PBXBuildFile; fileRef = 6000FF7928F5FEDD0083595D /* MonthlyOverviewViewModel.swift */; };
		600921ED290EA5DB004897F7 /* DataExporter.swift in Sources */ = {isa = PBXBuildFile; fileRef = 600921EC290EA5DB004897F7 /* DataExporter.swift */; };
		600921EF290EB3E4004897F7 /* CSVRepresentable.swift in Sources */ = {isa = PBXBuildFile; fileRef = 600921EE290EB3E4004897F7 /* CSVRepresentable.swift */; };
		600C39B728F53D1000688149 /* ViewExtensions.swift in Sources */ = {isa = PBXBuildFile; fileRef = 600C39B628F53D1000688149 /* ViewExtensions.swift */; };
		600C39B928F54E9800688149 /* MonthYearPicker.swift in Sources */ = {isa = PBXBuildFile; fileRef = 600C39B828F54E9800688149 /* MonthYearPicker.swift */; };
		600D8850291698B0002BE3F5 /* AssetAllocationPieChart.swift in Sources */ = {isa = PBXBuildFile; fileRef = 600D884F291698B0002BE3F5 /* AssetAllocationPieChart.swift */; };
		6014FF4528F96E7F00413CE2 /* Structures.swift in Sources */ = {isa = PBXBuildFile; fileRef = 6014FF4428F96E7F00413CE2 /* Structures.swift */; };
		602E45C228F95D46003FD564 /* CurrentMonthDetailView.swift in Sources */ = {isa = PBXBuildFile; fileRef = 602E45C128F95D46003FD564 /* CurrentMonthDetailView.swift */; };
		602E45C428F9608D003FD564 /* ShapeExtensions.swift in Sources */ = {isa = PBXBuildFile; fileRef = 602E45C328F9608D003FD564 /* ShapeExtensions.swift */; };
		602E998A29E15B980063BBC7 /* SavingsProjections.swift in Sources */ = {isa = PBXBuildFile; fileRef = 602E998929E15B980063BBC7 /* SavingsProjections.swift */; };
		602E998C29E15C700063BBC7 /* SavingsLineChart.swift in Sources */ = {isa = PBXBuildFile; fileRef = 602E998B29E15C700063BBC7 /* SavingsLineChart.swift */; };
		602E998E29E15EF80063BBC7 /* SavingsCategoryTile.swift in Sources */ = {isa = PBXBuildFile; fileRef = 602E998D29E15EF80063BBC7 /* SavingsCategoryTile.swift */; };
		602E999029E1690A0063BBC7 /* SavingsCategoryList.swift in Sources */ = {isa = PBXBuildFile; fileRef = 602E998F29E1690A0063BBC7 /* SavingsCategoryList.swift */; };
		602E999429E18B2F0063BBC7 /* SavingsEntryManager.swift in Sources */ = {isa = PBXBuildFile; fileRef = 602E999329E18B2F0063BBC7 /* SavingsEntryManager.swift */; };
		602E999629E18E970063BBC7 /* DashboardSettingsView.swift in Sources */ = {isa = PBXBuildFile; fileRef = 602E999529E18E970063BBC7 /* DashboardSettingsView.swift */; };
		60387379290AC19B00AB7D0E /* SavingsTile.swift in Sources */ = {isa = PBXBuildFile; fileRef = 60387378290AC19B00AB7D0E /* SavingsTile.swift */; };
		6038737D290AD67000AB7D0E /* SavingsViewModel.swift in Sources */ = {isa = PBXBuildFile; fileRef = 6038737C290AD67000AB7D0E /* SavingsViewModel.swift */; };
		60387380290AD86400AB7D0E /* SavingsEditor.swift in Sources */ = {isa = PBXBuildFile; fileRef = 6038737F290AD86400AB7D0E /* SavingsEditor.swift */; };
		60387382290ADA3F00AB7D0E /* SavingsEntryFormView.swift in Sources */ = {isa = PBXBuildFile; fileRef = 60387381290ADA3F00AB7D0E /* SavingsEntryFormView.swift */; };
		60387384290AE54400AB7D0E /* SavingsCategoryListView.swift in Sources */ = {isa = PBXBuildFile; fileRef = 60387383290AE54400AB7D0E /* SavingsCategoryListView.swift */; };
		60387386290AEAF300AB7D0E /* EditableDeletableItem.swift in Sources */ = {isa = PBXBuildFile; fileRef = 60387385290AEAF300AB7D0E /* EditableDeletableItem.swift */; };
		60387388290AFB0D00AB7D0E /* CoreDataExtensions.swift in Sources */ = {isa = PBXBuildFile; fileRef = 60387387290AFB0D00AB7D0E /* CoreDataExtensions.swift */; };
		603ADF90290554140075CB90 /* LargeValuePerMonthChart.swift in Sources */ = {isa = PBXBuildFile; fileRef = 603ADF8F290554140075CB90 /* LargeValuePerMonthChart.swift */; };
		603ADF9229055D8D0075CB90 /* CategorySummaryTile.swift in Sources */ = {isa = PBXBuildFile; fileRef = 603ADF9129055D8D0075CB90 /* CategorySummaryTile.swift */; };
		603ADF98290563AB0075CB90 /* TransactionCategorySummaryView.swift in Sources */ = {isa = PBXBuildFile; fileRef = 603ADF97290563AB0075CB90 /* TransactionCategorySummaryView.swift */; };
		603ADF9A290564F20075CB90 /* TransactionsList.swift in Sources */ = {isa = PBXBuildFile; fileRef = 603ADF99290564F20075CB90 /* TransactionsList.swift */; };
		603ADF9C290579E90075CB90 /* TransactionsCategorySummaryViewModel.swift in Sources */ = {isa = PBXBuildFile; fileRef = 603ADF9B290579E90075CB90 /* TransactionsCategorySummaryViewModel.swift */; };
		603FDE7629012F1F000398C7 /* PieChartViewModel.swift in Sources */ = {isa = PBXBuildFile; fileRef = 603FDE7529012F1F000398C7 /* PieChartViewModel.swift */; };
		6040E6ED29E694CE00939904 /* AssetAllocationViewModel.swift in Sources */ = {isa = PBXBuildFile; fileRef = 6040E6EC29E694CE00939904 /* AssetAllocationViewModel.swift */; };
		6045379228FABB0E002EFC7F /* DocumentPicker.swift in Sources */ = {isa = PBXBuildFile; fileRef = 6045379128FABB0E002EFC7F /* DocumentPicker.swift */; };
		6045379428FAC9A4002EFC7F /* ImportSummaryRow.swift in Sources */ = {isa = PBXBuildFile; fileRef = 6045379328FAC9A4002EFC7F /* ImportSummaryRow.swift */; };
		6045379628FAD065002EFC7F /* Utils.swift in Sources */ = {isa = PBXBuildFile; fileRef = 6045379528FAD065002EFC7F /* Utils.swift */; };
		604CF434290EDF13009B6D08 /* More_OptionsView.swift in Sources */ = {isa = PBXBuildFile; fileRef = 604CF433290EDF13009B6D08 /* More_OptionsView.swift */; };
		604DBDD729B1D909008C26ED /* RecurringTransactionListTile.swift in Sources */ = {isa = PBXBuildFile; fileRef = 604DBDD629B1D909008C26ED /* RecurringTransactionListTile.swift */; };
		604DBDD929B1DA0B008C26ED /* RecurringTransactionsTile.swift in Sources */ = {isa = PBXBuildFile; fileRef = 604DBDD829B1DA0B008C26ED /* RecurringTransactionsTile.swift */; };
		604DBDDB29B1DAE4008C26ED /* RecurringTransactionsDetailView.swift in Sources */ = {isa = PBXBuildFile; fileRef = 604DBDDA29B1DAE4008C26ED /* RecurringTransactionsDetailView.swift */; };
		604DBDDD29B1DB95008C26ED /* RecurringTransactionsLineChart.swift in Sources */ = {isa = PBXBuildFile; fileRef = 604DBDDC29B1DB95008C26ED /* RecurringTransactionsLineChart.swift */; };
		60552B0429081CB0001F2B39 /* ItemListViewModel.swift in Sources */ = {isa = PBXBuildFile; fileRef = 60552B0329081CB0001F2B39 /* ItemListViewModel.swift */; };
		60552B0629081E19001F2B39 /* EditableDeletableItemList.swift in Sources */ = {isa = PBXBuildFile; fileRef = 60552B0529081E19001F2B39 /* EditableDeletableItemList.swift */; };
		60552B0A29082FEF001F2B39 /* CoreDataModelStorage.swift in Sources */ = {isa = PBXBuildFile; fileRef = 60552B0929082FEF001F2B39 /* CoreDataModelStorage.swift */; };
		60587B8428F3E22E0097D4F4 /* TransactionStorage.swift in Sources */ = {isa = PBXBuildFile; fileRef = 60587B8328F3E22E0097D4F4 /* TransactionStorage.swift */; };
		60587B8628F3E68A0097D4F4 /* TransactionsViewModel.swift in Sources */ = {isa = PBXBuildFile; fileRef = 60587B8528F3E68A0097D4F4 /* TransactionsViewModel.swift */; };
		60587B8B28F3F15B0097D4F4 /* RichFetchRequest.swift in Sources */ = {isa = PBXBuildFile; fileRef = 60587B8A28F3F15B0097D4F4 /* RichFetchRequest.swift */; };
		6078317329E70573001FEC51 /* MonthYearPickerForm.swift in Sources */ = {isa = PBXBuildFile; fileRef = 6078317229E70573001FEC51 /* MonthYearPickerForm.swift */; };
		60804B8C29AE5FE500F45E5F /* RecurringTransactionStorage.swift in Sources */ = {isa = PBXBuildFile; fileRef = 60804B8B29AE5FE500F45E5F /* RecurringTransactionStorage.swift */; };
		60804B8E29AE608B00F45E5F /* Enums.swift in Sources */ = {isa = PBXBuildFile; fileRef = 60804B8D29AE608B00F45E5F /* Enums.swift */; };
		60804B9229AE642700F45E5F /* RecurringTransactionsViewModel.swift in Sources */ = {isa = PBXBuildFile; fileRef = 60804B9129AE642700F45E5F /* RecurringTransactionsViewModel.swift */; };
		60804B9429AE66EB00F45E5F /* RecurringTransactionFormView.swift in Sources */ = {isa = PBXBuildFile; fileRef = 60804B9329AE66EB00F45E5F /* RecurringTransactionFormView.swift */; };
		60804B9629AE673F00F45E5F /* RecurringTransactionEditor.swift in Sources */ = {isa = PBXBuildFile; fileRef = 60804B9529AE673F00F45E5F /* RecurringTransactionEditor.swift */; };
		608B80BB29B6469700047F3D /* SavingsPredictionBox.swift in Sources */ = {isa = PBXBuildFile; fileRef = 608B80BA29B6469700047F3D /* SavingsPredictionBox.swift */; };
		608B80BD29B6544500047F3D /* TypeExtensions.swift in Sources */ = {isa = PBXBuildFile; fileRef = 608B80BC29B6544500047F3D /* TypeExtensions.swift */; };
		608B80C029B656CC00047F3D /* Localizable.stringsdict in Resources */ = {isa = PBXBuildFile; fileRef = 608B80C229B656CC00047F3D /* Localizable.stringsdict */; };
		608C4D2D290D2AFC00FFB45A /* ListBase.swift in Sources */ = {isa = PBXBuildFile; fileRef = 608C4D2C290D2AFC00FFB45A /* ListBase.swift */; };
		608C4D30290D2C8F00FFB45A /* GroupBoxStyles.swift in Sources */ = {isa = PBXBuildFile; fileRef = 608C4D2F290D2C8F00FFB45A /* GroupBoxStyles.swift */; };
		608C4D32290D2F1F00FFB45A /* NavigationGroupBoxLabel.swift in Sources */ = {isa = PBXBuildFile; fileRef = 608C4D31290D2F1F00FFB45A /* NavigationGroupBoxLabel.swift */; };
		608C4D36290D640100FFB45A /* Localizable.strings in Resources */ = {isa = PBXBuildFile; fileRef = 608C4D38290D640100FFB45A /* Localizable.strings */; };
		6097917728F935B400FA5621 /* PieChart.swift in Sources */ = {isa = PBXBuildFile; fileRef = 6097917628F935B400FA5621 /* PieChart.swift */; };
		6097917C28F944E600FA5621 /* CurrencyPieChart.swift in Sources */ = {isa = PBXBuildFile; fileRef = 6097917B28F944E600FA5621 /* CurrencyPieChart.swift */; };
		60A1DDD028FDA32800635F39 /* AverageExpenseDetailView.swift in Sources */ = {isa = PBXBuildFile; fileRef = 60A1DDCF28FDA32800635F39 /* AverageExpenseDetailView.swift */; };
		60A4CFB228F99ED8007F392D /* Haptics.swift in Sources */ = {isa = PBXBuildFile; fileRef = 60A4CFB128F99ED8007F392D /* Haptics.swift */; };
		60A4CFB428F9A15D007F392D /* BundleExtensions.swift in Sources */ = {isa = PBXBuildFile; fileRef = 60A4CFB328F9A15D007F392D /* BundleExtensions.swift */; };
		60A4CFB628F9A446007F392D /* More_SystemView.swift in Sources */ = {isa = PBXBuildFile; fileRef = 60A4CFB528F9A446007F392D /* More_SystemView.swift */; };
		60A4CFB928F9A685007F392D /* SettingsSystemViewModel.swift in Sources */ = {isa = PBXBuildFile; fileRef = 60A4CFB828F9A685007F392D /* SettingsSystemViewModel.swift */; };
		60A4CFBB28F9ABF2007F392D /* DateExtensions.swift in Sources */ = {isa = PBXBuildFile; fileRef = 60A4CFBA28F9ABF2007F392D /* DateExtensions.swift */; };
		60A4CFC028F9C175007F392D /* More_SavingsView.swift in Sources */ = {isa = PBXBuildFile; fileRef = 60A4CFBF28F9C175007F392D /* More_SavingsView.swift */; };
		60B50E0E2906F19C00396308 /* SavingStorage.swift in Sources */ = {isa = PBXBuildFile; fileRef = 60B50E0D2906F19C00396308 /* SavingStorage.swift */; };
		60B50E102906F38100396308 /* SavingsCategoryStorage.swift in Sources */ = {isa = PBXBuildFile; fileRef = 60B50E0F2906F38100396308 /* SavingsCategoryStorage.swift */; };
		60B50E122906F43100396308 /* SavingsCategoryEditor.swift in Sources */ = {isa = PBXBuildFile; fileRef = 60B50E112906F43100396308 /* SavingsCategoryEditor.swift */; };
		60B50E142906F5F400396308 /* SavingsCategoryFormView.swift in Sources */ = {isa = PBXBuildFile; fileRef = 60B50E132906F5F400396308 /* SavingsCategoryFormView.swift */; };
		60B50E162906F73A00396308 /* SettingsSavingsViewModel.swift in Sources */ = {isa = PBXBuildFile; fileRef = 60B50E152906F73A00396308 /* SettingsSavingsViewModel.swift */; };
		60B50E1A2907020E00396308 /* SavingsCategoryViewModel.swift in Sources */ = {isa = PBXBuildFile; fileRef = 60B50E192907020E00396308 /* SavingsCategoryViewModel.swift */; };
		60BA8EE529E06A5A00DA4A9C /* TransactionCategoryPicker.swift in Sources */ = {isa = PBXBuildFile; fileRef = 60BA8EE429E06A5A00DA4A9C /* TransactionCategoryPicker.swift */; };
		60BA8EE729E06E3700DA4A9C /* MonthExpenseCalculator.swift in Sources */ = {isa = PBXBuildFile; fileRef = 60BA8EE629E06E3700DA4A9C /* MonthExpenseCalculator.swift */; };
		60BA8EE929E0770600DA4A9C /* ExpensesGroupBox.swift in Sources */ = {isa = PBXBuildFile; fileRef = 60BA8EE829E0770600DA4A9C /* ExpensesGroupBox.swift */; };
		60BA8EEB29E07B7900DA4A9C /* CashflowChartGroupBox.swift in Sources */ = {isa = PBXBuildFile; fileRef = 60BA8EEA29E07B7900DA4A9C /* CashflowChartGroupBox.swift */; };
		60BA8EED29E07BAC00DA4A9C /* MonthCashflowCalculator.swift in Sources */ = {isa = PBXBuildFile; fileRef = 60BA8EEC29E07BAC00DA4A9C /* MonthCashflowCalculator.swift */; };
		60BA8EF129E07DA000DA4A9C /* AbstractTransactionWrapper.swift in Sources */ = {isa = PBXBuildFile; fileRef = 60BA8EF029E07DA000DA4A9C /* AbstractTransactionWrapper.swift */; };
		60BA8EF329E0893300DA4A9C /* IncomeGroupBox.swift in Sources */ = {isa = PBXBuildFile; fileRef = 60BA8EF229E0893300DA4A9C /* IncomeGroupBox.swift */; };
		60BA8EF529E0897A00DA4A9C /* MonthIncomeCalculator.swift in Sources */ = {isa = PBXBuildFile; fileRef = 60BA8EF429E0897A00DA4A9C /* MonthIncomeCalculator.swift */; };
		60BD9F1228F35B6F001FF5FF /* MonityApp.swift in Sources */ = {isa = PBXBuildFile; fileRef = 60BD9F1128F35B6F001FF5FF /* MonityApp.swift */; };
		60BD9F1628F35B70001FF5FF /* Assets.xcassets in Resources */ = {isa = PBXBuildFile; fileRef = 60BD9F1528F35B70001FF5FF /* Assets.xcassets */; };
		60BD9F1928F35B70001FF5FF /* Preview Assets.xcassets in Resources */ = {isa = PBXBuildFile; fileRef = 60BD9F1828F35B70001FF5FF /* Preview Assets.xcassets */; };
		60BD9F1B28F35B70001FF5FF /* Persistence.swift in Sources */ = {isa = PBXBuildFile; fileRef = 60BD9F1A28F35B70001FF5FF /* Persistence.swift */; };
		60BD9F1E28F35B70001FF5FF /* Monity.xcdatamodeld in Sources */ = {isa = PBXBuildFile; fileRef = 60BD9F1C28F35B70001FF5FF /* Monity.xcdatamodeld */; };
		60BD9F2928F35B70001FF5FF /* MonityTests.swift in Sources */ = {isa = PBXBuildFile; fileRef = 60BD9F2828F35B70001FF5FF /* MonityTests.swift */; };
		60BD9F3328F35B70001FF5FF /* MonityUITests.swift in Sources */ = {isa = PBXBuildFile; fileRef = 60BD9F3228F35B70001FF5FF /* MonityUITests.swift */; };
		60BD9F3528F35B70001FF5FF /* MonityUITestsLaunchTests.swift in Sources */ = {isa = PBXBuildFile; fileRef = 60BD9F3428F35B70001FF5FF /* MonityUITestsLaunchTests.swift */; };
		60BD9F4328F35C27001FF5FF /* TransactionCategoryStorage.swift in Sources */ = {isa = PBXBuildFile; fileRef = 60BD9F4228F35C27001FF5FF /* TransactionCategoryStorage.swift */; };
		60BD9F4628F35C77001FF5FF /* TransactionEditor.swift in Sources */ = {isa = PBXBuildFile; fileRef = 60BD9F4528F35C77001FF5FF /* TransactionEditor.swift */; };
		60BD9F4928F35CCC001FF5FF /* AddTransactionView.swift in Sources */ = {isa = PBXBuildFile; fileRef = 60BD9F4828F35CCC001FF5FF /* AddTransactionView.swift */; };
		60BD9F4B28F35D02001FF5FF /* DashboardView.swift in Sources */ = {isa = PBXBuildFile; fileRef = 60BD9F4A28F35D02001FF5FF /* DashboardView.swift */; };
		60BD9F5028F35D41001FF5FF /* More_TransactionsView.swift in Sources */ = {isa = PBXBuildFile; fileRef = 60BD9F4F28F35D41001FF5FF /* More_TransactionsView.swift */; };
		60BD9F5228F35D52001FF5FF /* MoreView.swift in Sources */ = {isa = PBXBuildFile; fileRef = 60BD9F5128F35D52001FF5FF /* MoreView.swift */; };
		60BD9F5428F35D66001FF5FF /* TransactionsView.swift in Sources */ = {isa = PBXBuildFile; fileRef = 60BD9F5328F35D66001FF5FF /* TransactionsView.swift */; };
		60BD9F5628F35D7A001FF5FF /* SavingsDetailView.swift in Sources */ = {isa = PBXBuildFile; fileRef = 60BD9F5528F35D7A001FF5FF /* SavingsDetailView.swift */; };
		60BD9F5828F35ECB001FF5FF /* TransactionCategoryFormView.swift in Sources */ = {isa = PBXBuildFile; fileRef = 60BD9F5728F35ECB001FF5FF /* TransactionCategoryFormView.swift */; };
		60BD9F5A28F35F28001FF5FF /* TransactionCategoryEditor.swift in Sources */ = {isa = PBXBuildFile; fileRef = 60BD9F5928F35F28001FF5FF /* TransactionCategoryEditor.swift */; };
		60BD9F5C28F3615F001FF5FF /* SettingsTransactionsViewModel.swift in Sources */ = {isa = PBXBuildFile; fileRef = 60BD9F5B28F3615F001FF5FF /* SettingsTransactionsViewModel.swift */; };
		60BD9F5F28F36244001FF5FF /* ModelExtensions.swift in Sources */ = {isa = PBXBuildFile; fileRef = 60BD9F5E28F36244001FF5FF /* ModelExtensions.swift */; };
		60E7605A28FD412100FAB25A /* BudgetBattery.swift in Sources */ = {isa = PBXBuildFile; fileRef = 60E7605928FD412100FAB25A /* BudgetBattery.swift */; };
		60E7605C28FD454D00FAB25A /* AverageExpenseAndIncomeTile.swift in Sources */ = {isa = PBXBuildFile; fileRef = 60E7605B28FD454D00FAB25A /* AverageExpenseAndIncomeTile.swift */; };
		60E7605E28FD4D3600FAB25A /* AverageMonthlyChartViewModel.swift in Sources */ = {isa = PBXBuildFile; fileRef = 60E7605D28FD4D3600FAB25A /* AverageMonthlyChartViewModel.swift */; };
		60E7606028FD5AB400FAB25A /* AverageOneYearBarChart.swift in Sources */ = {isa = PBXBuildFile; fileRef = 60E7605F28FD5AB400FAB25A /* AverageOneYearBarChart.swift */; };
/* End PBXBuildFile section */

/* Begin PBXContainerItemProxy section */
		60BD9F2528F35B70001FF5FF /* PBXContainerItemProxy */ = {
			isa = PBXContainerItemProxy;
			containerPortal = 60BD9F0628F35B6F001FF5FF /* Project object */;
			proxyType = 1;
			remoteGlobalIDString = 60BD9F0D28F35B6F001FF5FF;
			remoteInfo = Monity;
		};
		60BD9F2F28F35B70001FF5FF /* PBXContainerItemProxy */ = {
			isa = PBXContainerItemProxy;
			containerPortal = 60BD9F0628F35B6F001FF5FF /* Project object */;
			proxyType = 1;
			remoteGlobalIDString = 60BD9F0D28F35B6F001FF5FF;
			remoteInfo = Monity;
		};
/* End PBXContainerItemProxy section */

/* Begin PBXFileReference section */
		6000FF7628F5FBF00083595D /* CurrentMonthOverviewTile.swift */ = {isa = PBXFileReference; lastKnownFileType = sourcecode.swift; path = CurrentMonthOverviewTile.swift; sourceTree = "<group>"; };
		6000FF7928F5FEDD0083595D /* MonthlyOverviewViewModel.swift */ = {isa = PBXFileReference; lastKnownFileType = sourcecode.swift; path = MonthlyOverviewViewModel.swift; sourceTree = "<group>"; };
		600921EC290EA5DB004897F7 /* DataExporter.swift */ = {isa = PBXFileReference; lastKnownFileType = sourcecode.swift; path = DataExporter.swift; sourceTree = "<group>"; };
		600921EE290EB3E4004897F7 /* CSVRepresentable.swift */ = {isa = PBXFileReference; lastKnownFileType = sourcecode.swift; path = CSVRepresentable.swift; sourceTree = "<group>"; };
		600C39B628F53D1000688149 /* ViewExtensions.swift */ = {isa = PBXFileReference; lastKnownFileType = sourcecode.swift; path = ViewExtensions.swift; sourceTree = "<group>"; };
		600C39B828F54E9800688149 /* MonthYearPicker.swift */ = {isa = PBXFileReference; lastKnownFileType = sourcecode.swift; path = MonthYearPicker.swift; sourceTree = "<group>"; };
		600D884F291698B0002BE3F5 /* AssetAllocationPieChart.swift */ = {isa = PBXFileReference; lastKnownFileType = sourcecode.swift; path = AssetAllocationPieChart.swift; sourceTree = "<group>"; };
		6014FF4428F96E7F00413CE2 /* Structures.swift */ = {isa = PBXFileReference; lastKnownFileType = sourcecode.swift; path = Structures.swift; sourceTree = "<group>"; };
		602BA992290F07C100830481 /* Monity.entitlements */ = {isa = PBXFileReference; lastKnownFileType = text.plist.entitlements; path = Monity.entitlements; sourceTree = "<group>"; };
		602E45C128F95D46003FD564 /* CurrentMonthDetailView.swift */ = {isa = PBXFileReference; lastKnownFileType = sourcecode.swift; path = CurrentMonthDetailView.swift; sourceTree = "<group>"; };
		602E45C328F9608D003FD564 /* ShapeExtensions.swift */ = {isa = PBXFileReference; lastKnownFileType = sourcecode.swift; path = ShapeExtensions.swift; sourceTree = "<group>"; };
		602E998929E15B980063BBC7 /* SavingsProjections.swift */ = {isa = PBXFileReference; lastKnownFileType = sourcecode.swift; path = SavingsProjections.swift; sourceTree = "<group>"; };
		602E998B29E15C700063BBC7 /* SavingsLineChart.swift */ = {isa = PBXFileReference; lastKnownFileType = sourcecode.swift; path = SavingsLineChart.swift; sourceTree = "<group>"; };
		602E998D29E15EF80063BBC7 /* SavingsCategoryTile.swift */ = {isa = PBXFileReference; lastKnownFileType = sourcecode.swift; path = SavingsCategoryTile.swift; sourceTree = "<group>"; };
		602E998F29E1690A0063BBC7 /* SavingsCategoryList.swift */ = {isa = PBXFileReference; lastKnownFileType = sourcecode.swift; path = SavingsCategoryList.swift; sourceTree = "<group>"; };
		602E999329E18B2F0063BBC7 /* SavingsEntryManager.swift */ = {isa = PBXFileReference; lastKnownFileType = sourcecode.swift; path = SavingsEntryManager.swift; sourceTree = "<group>"; };
		602E999529E18E970063BBC7 /* DashboardSettingsView.swift */ = {isa = PBXFileReference; lastKnownFileType = sourcecode.swift; path = DashboardSettingsView.swift; sourceTree = "<group>"; };
		60387378290AC19B00AB7D0E /* SavingsTile.swift */ = {isa = PBXFileReference; lastKnownFileType = sourcecode.swift; path = SavingsTile.swift; sourceTree = "<group>"; };
		6038737C290AD67000AB7D0E /* SavingsViewModel.swift */ = {isa = PBXFileReference; lastKnownFileType = sourcecode.swift; path = SavingsViewModel.swift; sourceTree = "<group>"; };
		6038737F290AD86400AB7D0E /* SavingsEditor.swift */ = {isa = PBXFileReference; lastKnownFileType = sourcecode.swift; path = SavingsEditor.swift; sourceTree = "<group>"; };
		60387381290ADA3F00AB7D0E /* SavingsEntryFormView.swift */ = {isa = PBXFileReference; lastKnownFileType = sourcecode.swift; path = SavingsEntryFormView.swift; sourceTree = "<group>"; };
		60387383290AE54400AB7D0E /* SavingsCategoryListView.swift */ = {isa = PBXFileReference; lastKnownFileType = sourcecode.swift; path = SavingsCategoryListView.swift; sourceTree = "<group>"; };
		60387385290AEAF300AB7D0E /* EditableDeletableItem.swift */ = {isa = PBXFileReference; lastKnownFileType = sourcecode.swift; path = EditableDeletableItem.swift; sourceTree = "<group>"; };
		60387387290AFB0D00AB7D0E /* CoreDataExtensions.swift */ = {isa = PBXFileReference; lastKnownFileType = sourcecode.swift; path = CoreDataExtensions.swift; sourceTree = "<group>"; };
		603ADF8F290554140075CB90 /* LargeValuePerMonthChart.swift */ = {isa = PBXFileReference; lastKnownFileType = sourcecode.swift; path = LargeValuePerMonthChart.swift; sourceTree = "<group>"; };
		603ADF9129055D8D0075CB90 /* CategorySummaryTile.swift */ = {isa = PBXFileReference; lastKnownFileType = sourcecode.swift; path = CategorySummaryTile.swift; sourceTree = "<group>"; };
		603ADF97290563AB0075CB90 /* TransactionCategorySummaryView.swift */ = {isa = PBXFileReference; lastKnownFileType = sourcecode.swift; path = TransactionCategorySummaryView.swift; sourceTree = "<group>"; };
		603ADF99290564F20075CB90 /* TransactionsList.swift */ = {isa = PBXFileReference; lastKnownFileType = sourcecode.swift; path = TransactionsList.swift; sourceTree = "<group>"; };
		603ADF9B290579E90075CB90 /* TransactionsCategorySummaryViewModel.swift */ = {isa = PBXFileReference; lastKnownFileType = sourcecode.swift; path = TransactionsCategorySummaryViewModel.swift; sourceTree = "<group>"; };
		603FDE7529012F1F000398C7 /* PieChartViewModel.swift */ = {isa = PBXFileReference; lastKnownFileType = sourcecode.swift; path = PieChartViewModel.swift; sourceTree = "<group>"; };
		6040E6EC29E694CE00939904 /* AssetAllocationViewModel.swift */ = {isa = PBXFileReference; lastKnownFileType = sourcecode.swift; path = AssetAllocationViewModel.swift; sourceTree = "<group>"; };
		6045379128FABB0E002EFC7F /* DocumentPicker.swift */ = {isa = PBXFileReference; lastKnownFileType = sourcecode.swift; path = DocumentPicker.swift; sourceTree = "<group>"; };
		6045379328FAC9A4002EFC7F /* ImportSummaryRow.swift */ = {isa = PBXFileReference; lastKnownFileType = sourcecode.swift; path = ImportSummaryRow.swift; sourceTree = "<group>"; };
		6045379528FAD065002EFC7F /* Utils.swift */ = {isa = PBXFileReference; lastKnownFileType = sourcecode.swift; path = Utils.swift; sourceTree = "<group>"; };
		604CF433290EDF13009B6D08 /* More_OptionsView.swift */ = {isa = PBXFileReference; lastKnownFileType = sourcecode.swift; path = More_OptionsView.swift; sourceTree = "<group>"; };
		604DBDD629B1D909008C26ED /* RecurringTransactionListTile.swift */ = {isa = PBXFileReference; lastKnownFileType = sourcecode.swift; path = RecurringTransactionListTile.swift; sourceTree = "<group>"; };
		604DBDD829B1DA0B008C26ED /* RecurringTransactionsTile.swift */ = {isa = PBXFileReference; lastKnownFileType = sourcecode.swift; path = RecurringTransactionsTile.swift; sourceTree = "<group>"; };
		604DBDDA29B1DAE4008C26ED /* RecurringTransactionsDetailView.swift */ = {isa = PBXFileReference; lastKnownFileType = sourcecode.swift; path = RecurringTransactionsDetailView.swift; sourceTree = "<group>"; };
		604DBDDC29B1DB95008C26ED /* RecurringTransactionsLineChart.swift */ = {isa = PBXFileReference; lastKnownFileType = sourcecode.swift; path = RecurringTransactionsLineChart.swift; sourceTree = "<group>"; };
		60552B0329081CB0001F2B39 /* ItemListViewModel.swift */ = {isa = PBXFileReference; lastKnownFileType = sourcecode.swift; path = ItemListViewModel.swift; sourceTree = "<group>"; };
		60552B0529081E19001F2B39 /* EditableDeletableItemList.swift */ = {isa = PBXFileReference; lastKnownFileType = sourcecode.swift; path = EditableDeletableItemList.swift; sourceTree = "<group>"; };
		60552B0929082FEF001F2B39 /* CoreDataModelStorage.swift */ = {isa = PBXFileReference; lastKnownFileType = sourcecode.swift; path = CoreDataModelStorage.swift; sourceTree = "<group>"; };
		60587B8328F3E22E0097D4F4 /* TransactionStorage.swift */ = {isa = PBXFileReference; lastKnownFileType = sourcecode.swift; path = TransactionStorage.swift; sourceTree = "<group>"; };
		60587B8528F3E68A0097D4F4 /* TransactionsViewModel.swift */ = {isa = PBXFileReference; lastKnownFileType = sourcecode.swift; path = TransactionsViewModel.swift; sourceTree = "<group>"; };
		60587B8A28F3F15B0097D4F4 /* RichFetchRequest.swift */ = {isa = PBXFileReference; lastKnownFileType = sourcecode.swift; path = RichFetchRequest.swift; sourceTree = "<group>"; };
		6078317229E70573001FEC51 /* MonthYearPickerForm.swift */ = {isa = PBXFileReference; lastKnownFileType = sourcecode.swift; path = MonthYearPickerForm.swift; sourceTree = "<group>"; };
		60804B8B29AE5FE500F45E5F /* RecurringTransactionStorage.swift */ = {isa = PBXFileReference; lastKnownFileType = sourcecode.swift; path = RecurringTransactionStorage.swift; sourceTree = "<group>"; };
		60804B8D29AE608B00F45E5F /* Enums.swift */ = {isa = PBXFileReference; lastKnownFileType = sourcecode.swift; path = Enums.swift; sourceTree = "<group>"; };
		60804B9129AE642700F45E5F /* RecurringTransactionsViewModel.swift */ = {isa = PBXFileReference; lastKnownFileType = sourcecode.swift; path = RecurringTransactionsViewModel.swift; sourceTree = "<group>"; };
		60804B9329AE66EB00F45E5F /* RecurringTransactionFormView.swift */ = {isa = PBXFileReference; lastKnownFileType = sourcecode.swift; path = RecurringTransactionFormView.swift; sourceTree = "<group>"; };
		60804B9529AE673F00F45E5F /* RecurringTransactionEditor.swift */ = {isa = PBXFileReference; lastKnownFileType = sourcecode.swift; path = RecurringTransactionEditor.swift; sourceTree = "<group>"; };
		608B80BA29B6469700047F3D /* SavingsPredictionBox.swift */ = {isa = PBXFileReference; lastKnownFileType = sourcecode.swift; path = SavingsPredictionBox.swift; sourceTree = "<group>"; };
		608B80BC29B6544500047F3D /* TypeExtensions.swift */ = {isa = PBXFileReference; lastKnownFileType = sourcecode.swift; path = TypeExtensions.swift; sourceTree = "<group>"; };
		608B80C129B656CC00047F3D /* en */ = {isa = PBXFileReference; lastKnownFileType = text.plist.stringsdict; name = en; path = en.lproj/Localizable.stringsdict; sourceTree = "<group>"; };
		608B80C329B656D000047F3D /* de */ = {isa = PBXFileReference; lastKnownFileType = text.plist.stringsdict; name = de; path = de.lproj/Localizable.stringsdict; sourceTree = "<group>"; };
		608C4D2C290D2AFC00FFB45A /* ListBase.swift */ = {isa = PBXFileReference; lastKnownFileType = sourcecode.swift; path = ListBase.swift; sourceTree = "<group>"; };
		608C4D2F290D2C8F00FFB45A /* GroupBoxStyles.swift */ = {isa = PBXFileReference; lastKnownFileType = sourcecode.swift; path = GroupBoxStyles.swift; sourceTree = "<group>"; };
		608C4D31290D2F1F00FFB45A /* NavigationGroupBoxLabel.swift */ = {isa = PBXFileReference; lastKnownFileType = sourcecode.swift; path = NavigationGroupBoxLabel.swift; sourceTree = "<group>"; };
		608C4D37290D640100FFB45A /* en */ = {isa = PBXFileReference; lastKnownFileType = text.plist.strings; name = en; path = en.lproj/Localizable.strings; sourceTree = "<group>"; };
		608C4D39290D640500FFB45A /* de */ = {isa = PBXFileReference; lastKnownFileType = text.plist.strings; name = de; path = de.lproj/Localizable.strings; sourceTree = "<group>"; };
		6097917628F935B400FA5621 /* PieChart.swift */ = {isa = PBXFileReference; lastKnownFileType = sourcecode.swift; path = PieChart.swift; sourceTree = "<group>"; };
		6097917B28F944E600FA5621 /* CurrencyPieChart.swift */ = {isa = PBXFileReference; lastKnownFileType = sourcecode.swift; path = CurrencyPieChart.swift; sourceTree = "<group>"; };
		60A1DDCF28FDA32800635F39 /* AverageExpenseDetailView.swift */ = {isa = PBXFileReference; lastKnownFileType = sourcecode.swift; path = AverageExpenseDetailView.swift; sourceTree = "<group>"; };
		60A4CFB128F99ED8007F392D /* Haptics.swift */ = {isa = PBXFileReference; lastKnownFileType = sourcecode.swift; path = Haptics.swift; sourceTree = "<group>"; };
		60A4CFB328F9A15D007F392D /* BundleExtensions.swift */ = {isa = PBXFileReference; lastKnownFileType = sourcecode.swift; path = BundleExtensions.swift; sourceTree = "<group>"; };
		60A4CFB528F9A446007F392D /* More_SystemView.swift */ = {isa = PBXFileReference; lastKnownFileType = sourcecode.swift; path = More_SystemView.swift; sourceTree = "<group>"; };
		60A4CFB828F9A685007F392D /* SettingsSystemViewModel.swift */ = {isa = PBXFileReference; lastKnownFileType = sourcecode.swift; path = SettingsSystemViewModel.swift; sourceTree = "<group>"; };
		60A4CFBA28F9ABF2007F392D /* DateExtensions.swift */ = {isa = PBXFileReference; lastKnownFileType = sourcecode.swift; path = DateExtensions.swift; sourceTree = "<group>"; };
		60A4CFBF28F9C175007F392D /* More_SavingsView.swift */ = {isa = PBXFileReference; lastKnownFileType = sourcecode.swift; path = More_SavingsView.swift; sourceTree = "<group>"; };
		60B50E0D2906F19C00396308 /* SavingStorage.swift */ = {isa = PBXFileReference; lastKnownFileType = sourcecode.swift; path = SavingStorage.swift; sourceTree = "<group>"; };
		60B50E0F2906F38100396308 /* SavingsCategoryStorage.swift */ = {isa = PBXFileReference; lastKnownFileType = sourcecode.swift; path = SavingsCategoryStorage.swift; sourceTree = "<group>"; };
		60B50E112906F43100396308 /* SavingsCategoryEditor.swift */ = {isa = PBXFileReference; lastKnownFileType = sourcecode.swift; path = SavingsCategoryEditor.swift; sourceTree = "<group>"; };
		60B50E132906F5F400396308 /* SavingsCategoryFormView.swift */ = {isa = PBXFileReference; lastKnownFileType = sourcecode.swift; path = SavingsCategoryFormView.swift; sourceTree = "<group>"; };
		60B50E152906F73A00396308 /* SettingsSavingsViewModel.swift */ = {isa = PBXFileReference; lastKnownFileType = sourcecode.swift; path = SettingsSavingsViewModel.swift; sourceTree = "<group>"; };
		60B50E192907020E00396308 /* SavingsCategoryViewModel.swift */ = {isa = PBXFileReference; lastKnownFileType = sourcecode.swift; path = SavingsCategoryViewModel.swift; sourceTree = "<group>"; };
		60BA8EE429E06A5A00DA4A9C /* TransactionCategoryPicker.swift */ = {isa = PBXFileReference; lastKnownFileType = sourcecode.swift; path = TransactionCategoryPicker.swift; sourceTree = "<group>"; };
		60BA8EE629E06E3700DA4A9C /* MonthExpenseCalculator.swift */ = {isa = PBXFileReference; lastKnownFileType = sourcecode.swift; path = MonthExpenseCalculator.swift; sourceTree = "<group>"; };
		60BA8EE829E0770600DA4A9C /* ExpensesGroupBox.swift */ = {isa = PBXFileReference; lastKnownFileType = sourcecode.swift; path = ExpensesGroupBox.swift; sourceTree = "<group>"; };
		60BA8EEA29E07B7900DA4A9C /* CashflowChartGroupBox.swift */ = {isa = PBXFileReference; lastKnownFileType = sourcecode.swift; path = CashflowChartGroupBox.swift; sourceTree = "<group>"; };
		60BA8EEC29E07BAC00DA4A9C /* MonthCashflowCalculator.swift */ = {isa = PBXFileReference; lastKnownFileType = sourcecode.swift; path = MonthCashflowCalculator.swift; sourceTree = "<group>"; };
		60BA8EF029E07DA000DA4A9C /* AbstractTransactionWrapper.swift */ = {isa = PBXFileReference; lastKnownFileType = sourcecode.swift; path = AbstractTransactionWrapper.swift; sourceTree = "<group>"; };
		60BA8EF229E0893300DA4A9C /* IncomeGroupBox.swift */ = {isa = PBXFileReference; lastKnownFileType = sourcecode.swift; path = IncomeGroupBox.swift; sourceTree = "<group>"; };
		60BA8EF429E0897A00DA4A9C /* MonthIncomeCalculator.swift */ = {isa = PBXFileReference; lastKnownFileType = sourcecode.swift; path = MonthIncomeCalculator.swift; sourceTree = "<group>"; };
		60BD9F0E28F35B6F001FF5FF /* Monity.app */ = {isa = PBXFileReference; explicitFileType = wrapper.application; includeInIndex = 0; path = Monity.app; sourceTree = BUILT_PRODUCTS_DIR; };
		60BD9F1128F35B6F001FF5FF /* MonityApp.swift */ = {isa = PBXFileReference; lastKnownFileType = sourcecode.swift; path = MonityApp.swift; sourceTree = "<group>"; };
		60BD9F1528F35B70001FF5FF /* Assets.xcassets */ = {isa = PBXFileReference; lastKnownFileType = folder.assetcatalog; path = Assets.xcassets; sourceTree = "<group>"; };
		60BD9F1828F35B70001FF5FF /* Preview Assets.xcassets */ = {isa = PBXFileReference; lastKnownFileType = folder.assetcatalog; path = "Preview Assets.xcassets"; sourceTree = "<group>"; };
		60BD9F1A28F35B70001FF5FF /* Persistence.swift */ = {isa = PBXFileReference; lastKnownFileType = sourcecode.swift; path = Persistence.swift; sourceTree = "<group>"; };
		60BD9F1D28F35B70001FF5FF /* Monity.xcdatamodel */ = {isa = PBXFileReference; lastKnownFileType = wrapper.xcdatamodel; path = Monity.xcdatamodel; sourceTree = "<group>"; };
		60BD9F1F28F35B70001FF5FF /* Info.plist */ = {isa = PBXFileReference; lastKnownFileType = text.plist.xml; path = Info.plist; sourceTree = "<group>"; };
		60BD9F2428F35B70001FF5FF /* MonityTests.xctest */ = {isa = PBXFileReference; explicitFileType = wrapper.cfbundle; includeInIndex = 0; path = MonityTests.xctest; sourceTree = BUILT_PRODUCTS_DIR; };
		60BD9F2828F35B70001FF5FF /* MonityTests.swift */ = {isa = PBXFileReference; lastKnownFileType = sourcecode.swift; path = MonityTests.swift; sourceTree = "<group>"; };
		60BD9F2E28F35B70001FF5FF /* MonityUITests.xctest */ = {isa = PBXFileReference; explicitFileType = wrapper.cfbundle; includeInIndex = 0; path = MonityUITests.xctest; sourceTree = BUILT_PRODUCTS_DIR; };
		60BD9F3228F35B70001FF5FF /* MonityUITests.swift */ = {isa = PBXFileReference; lastKnownFileType = sourcecode.swift; path = MonityUITests.swift; sourceTree = "<group>"; };
		60BD9F3428F35B70001FF5FF /* MonityUITestsLaunchTests.swift */ = {isa = PBXFileReference; lastKnownFileType = sourcecode.swift; path = MonityUITestsLaunchTests.swift; sourceTree = "<group>"; };
		60BD9F4228F35C27001FF5FF /* TransactionCategoryStorage.swift */ = {isa = PBXFileReference; lastKnownFileType = sourcecode.swift; path = TransactionCategoryStorage.swift; sourceTree = "<group>"; };
		60BD9F4528F35C77001FF5FF /* TransactionEditor.swift */ = {isa = PBXFileReference; lastKnownFileType = sourcecode.swift; path = TransactionEditor.swift; sourceTree = "<group>"; };
		60BD9F4828F35CCC001FF5FF /* AddTransactionView.swift */ = {isa = PBXFileReference; lastKnownFileType = sourcecode.swift; path = AddTransactionView.swift; sourceTree = "<group>"; };
		60BD9F4A28F35D02001FF5FF /* DashboardView.swift */ = {isa = PBXFileReference; lastKnownFileType = sourcecode.swift; path = DashboardView.swift; sourceTree = "<group>"; };
		60BD9F4F28F35D41001FF5FF /* More_TransactionsView.swift */ = {isa = PBXFileReference; lastKnownFileType = sourcecode.swift; path = More_TransactionsView.swift; sourceTree = "<group>"; };
		60BD9F5128F35D52001FF5FF /* MoreView.swift */ = {isa = PBXFileReference; lastKnownFileType = sourcecode.swift; path = MoreView.swift; sourceTree = "<group>"; };
		60BD9F5328F35D66001FF5FF /* TransactionsView.swift */ = {isa = PBXFileReference; lastKnownFileType = sourcecode.swift; path = TransactionsView.swift; sourceTree = "<group>"; };
		60BD9F5528F35D7A001FF5FF /* SavingsDetailView.swift */ = {isa = PBXFileReference; lastKnownFileType = sourcecode.swift; path = SavingsDetailView.swift; sourceTree = "<group>"; };
		60BD9F5728F35ECB001FF5FF /* TransactionCategoryFormView.swift */ = {isa = PBXFileReference; lastKnownFileType = sourcecode.swift; path = TransactionCategoryFormView.swift; sourceTree = "<group>"; };
		60BD9F5928F35F28001FF5FF /* TransactionCategoryEditor.swift */ = {isa = PBXFileReference; lastKnownFileType = sourcecode.swift; path = TransactionCategoryEditor.swift; sourceTree = "<group>"; };
		60BD9F5B28F3615F001FF5FF /* SettingsTransactionsViewModel.swift */ = {isa = PBXFileReference; lastKnownFileType = sourcecode.swift; path = SettingsTransactionsViewModel.swift; sourceTree = "<group>"; };
		60BD9F5E28F36244001FF5FF /* ModelExtensions.swift */ = {isa = PBXFileReference; lastKnownFileType = sourcecode.swift; path = ModelExtensions.swift; sourceTree = "<group>"; };
		60E7605928FD412100FAB25A /* BudgetBattery.swift */ = {isa = PBXFileReference; lastKnownFileType = sourcecode.swift; path = BudgetBattery.swift; sourceTree = "<group>"; };
		60E7605B28FD454D00FAB25A /* AverageExpenseAndIncomeTile.swift */ = {isa = PBXFileReference; lastKnownFileType = sourcecode.swift; path = AverageExpenseAndIncomeTile.swift; sourceTree = "<group>"; };
		60E7605D28FD4D3600FAB25A /* AverageMonthlyChartViewModel.swift */ = {isa = PBXFileReference; lastKnownFileType = sourcecode.swift; path = AverageMonthlyChartViewModel.swift; sourceTree = "<group>"; };
		60E7605F28FD5AB400FAB25A /* AverageOneYearBarChart.swift */ = {isa = PBXFileReference; lastKnownFileType = sourcecode.swift; path = AverageOneYearBarChart.swift; sourceTree = "<group>"; };
/* End PBXFileReference section */

/* Begin PBXFrameworksBuildPhase section */
		60BD9F0B28F35B6F001FF5FF /* Frameworks */ = {
			isa = PBXFrameworksBuildPhase;
			buildActionMask = 2147483647;
			files = (
			);
			runOnlyForDeploymentPostprocessing = 0;
		};
		60BD9F2128F35B70001FF5FF /* Frameworks */ = {
			isa = PBXFrameworksBuildPhase;
			buildActionMask = 2147483647;
			files = (
			);
			runOnlyForDeploymentPostprocessing = 0;
		};
		60BD9F2B28F35B70001FF5FF /* Frameworks */ = {
			isa = PBXFrameworksBuildPhase;
			buildActionMask = 2147483647;
			files = (
			);
			runOnlyForDeploymentPostprocessing = 0;
		};
/* End PBXFrameworksBuildPhase section */

/* Begin PBXGroup section */
		6000FF7828F5FECF0083595D /* DashboardTiles */ = {
			isa = PBXGroup;
			children = (
				6000FF7928F5FEDD0083595D /* MonthlyOverviewViewModel.swift */,
				60E7605D28FD4D3600FAB25A /* AverageMonthlyChartViewModel.swift */,
			);
			path = DashboardTiles;
			sourceTree = "<group>";
		};
		602E998829E15B570063BBC7 /* SavingsView */ = {
			isa = PBXGroup;
			children = (
				60BD9F5528F35D7A001FF5FF /* SavingsDetailView.swift */,
				602E998929E15B980063BBC7 /* SavingsProjections.swift */,
				608B80BA29B6469700047F3D /* SavingsPredictionBox.swift */,
				602E998B29E15C700063BBC7 /* SavingsLineChart.swift */,
				602E998D29E15EF80063BBC7 /* SavingsCategoryTile.swift */,
				602E998F29E1690A0063BBC7 /* SavingsCategoryList.swift */,
				60387383290AE54400AB7D0E /* SavingsCategoryListView.swift */,
			);
			path = SavingsView;
			sourceTree = "<group>";
		};
		6038737E290AD84D00AB7D0E /* Editors */ = {
			isa = PBXGroup;
			children = (
				60BD9F4528F35C77001FF5FF /* TransactionEditor.swift */,
				60BD9F5928F35F28001FF5FF /* TransactionCategoryEditor.swift */,
				60B50E112906F43100396308 /* SavingsCategoryEditor.swift */,
				6038737F290AD86400AB7D0E /* SavingsEditor.swift */,
				600921EC290EA5DB004897F7 /* DataExporter.swift */,
				60804B9529AE673F00F45E5F /* RecurringTransactionEditor.swift */,
			);
			path = Editors;
			sourceTree = "<group>";
		};
		604F8E7529012EC500DD3781 /* Protocols */ = {
			isa = PBXGroup;
			children = (
				603FDE7529012F1F000398C7 /* PieChartViewModel.swift */,
				600921EE290EB3E4004897F7 /* CSVRepresentable.swift */,
			);
			path = Protocols;
			sourceTree = "<group>";
		};
		60552B0229081C9C001F2B39 /* Generics */ = {
			isa = PBXGroup;
			children = (
				60552B0329081CB0001F2B39 /* ItemListViewModel.swift */,
			);
			path = Generics;
			sourceTree = "<group>";
		};
		60587B8928F3F1490097D4F4 /* Shared */ = {
			isa = PBXGroup;
			children = (
				608C4D33290D63C900FFB45A /* Resources */,
				60587B8A28F3F15B0097D4F4 /* RichFetchRequest.swift */,
				6014FF4428F96E7F00413CE2 /* Structures.swift */,
				60A4CFB128F99ED8007F392D /* Haptics.swift */,
				6045379528FAD065002EFC7F /* Utils.swift */,
				60804B8D29AE608B00F45E5F /* Enums.swift */,
			);
			path = Shared;
			sourceTree = "<group>";
		};
		608C4D2E290D2C8600FFB45A /* Styles */ = {
			isa = PBXGroup;
			children = (
				608C4D2F290D2C8F00FFB45A /* GroupBoxStyles.swift */,
			);
			path = Styles;
			sourceTree = "<group>";
		};
		608C4D33290D63C900FFB45A /* Resources */ = {
			isa = PBXGroup;
			children = (
				608C4D38290D640100FFB45A /* Localizable.strings */,
				608B80C229B656CC00047F3D /* Localizable.stringsdict */,
			);
			path = Resources;
			sourceTree = "<group>";
		};
		6097917828F9399E00FA5621 /* Dashboard */ = {
			isa = PBXGroup;
			children = (
				6000FF7628F5FBF00083595D /* CurrentMonthOverviewTile.swift */,
				602E45C128F95D46003FD564 /* CurrentMonthDetailView.swift */,
				60E7605B28FD454D00FAB25A /* AverageExpenseAndIncomeTile.swift */,
				60A1DDCF28FDA32800635F39 /* AverageExpenseDetailView.swift */,
				603ADF97290563AB0075CB90 /* TransactionCategorySummaryView.swift */,
				60387378290AC19B00AB7D0E /* SavingsTile.swift */,
				604DBDD829B1DA0B008C26ED /* RecurringTransactionsTile.swift */,
				604DBDDA29B1DAE4008C26ED /* RecurringTransactionsDetailView.swift */,
			);
			path = Dashboard;
			sourceTree = "<group>";
		};
		60A4CFB728F9A47A007F392D /* More */ = {
			isa = PBXGroup;
			children = (
				60BD9F4F28F35D41001FF5FF /* More_TransactionsView.swift */,
				60A4CFB528F9A446007F392D /* More_SystemView.swift */,
				60A4CFBF28F9C175007F392D /* More_SavingsView.swift */,
				604CF433290EDF13009B6D08 /* More_OptionsView.swift */,
				602E999529E18E970063BBC7 /* DashboardSettingsView.swift */,
			);
			path = More;
			sourceTree = "<group>";
		};
		60BD9F0528F35B6F001FF5FF = {
			isa = PBXGroup;
			children = (
				60BD9F1028F35B6F001FF5FF /* Monity */,
				60BD9F2728F35B70001FF5FF /* MonityTests */,
				60BD9F3128F35B70001FF5FF /* MonityUITests */,
				60BD9F0F28F35B6F001FF5FF /* Products */,
			);
			sourceTree = "<group>";
		};
		60BD9F0F28F35B6F001FF5FF /* Products */ = {
			isa = PBXGroup;
			children = (
				60BD9F0E28F35B6F001FF5FF /* Monity.app */,
				60BD9F2428F35B70001FF5FF /* MonityTests.xctest */,
				60BD9F2E28F35B70001FF5FF /* MonityUITests.xctest */,
			);
			name = Products;
			sourceTree = "<group>";
		};
		60BD9F1028F35B6F001FF5FF /* Monity */ = {
			isa = PBXGroup;
			children = (
				602BA992290F07C100830481 /* Monity.entitlements */,
				60587B8928F3F1490097D4F4 /* Shared */,
				60BD9F5D28F36239001FF5FF /* Extensions */,
				60BD9F4728F35CB7001FF5FF /* View */,
				60BD9F4428F35C66001FF5FF /* ViewModel */,
				60BD9F4128F35B81001FF5FF /* Model */,
				60BD9F1128F35B6F001FF5FF /* MonityApp.swift */,
				60BD9F1528F35B70001FF5FF /* Assets.xcassets */,
				60BD9F1F28F35B70001FF5FF /* Info.plist */,
				60BD9F1728F35B70001FF5FF /* Preview Content */,
			);
			path = Monity;
			sourceTree = "<group>";
		};
		60BD9F1728F35B70001FF5FF /* Preview Content */ = {
			isa = PBXGroup;
			children = (
				60BD9F1828F35B70001FF5FF /* Preview Assets.xcassets */,
			);
			path = "Preview Content";
			sourceTree = "<group>";
		};
		60BD9F2728F35B70001FF5FF /* MonityTests */ = {
			isa = PBXGroup;
			children = (
				60BD9F2828F35B70001FF5FF /* MonityTests.swift */,
			);
			path = MonityTests;
			sourceTree = "<group>";
		};
		60BD9F3128F35B70001FF5FF /* MonityUITests */ = {
			isa = PBXGroup;
			children = (
				60BD9F3228F35B70001FF5FF /* MonityUITests.swift */,
				60BD9F3428F35B70001FF5FF /* MonityUITestsLaunchTests.swift */,
			);
			path = MonityUITests;
			sourceTree = "<group>";
		};
		60BD9F4128F35B81001FF5FF /* Model */ = {
			isa = PBXGroup;
			children = (
				60BD9F1C28F35B70001FF5FF /* Monity.xcdatamodeld */,
				60BD9F1A28F35B70001FF5FF /* Persistence.swift */,
				60BD9F4228F35C27001FF5FF /* TransactionCategoryStorage.swift */,
				60587B8328F3E22E0097D4F4 /* TransactionStorage.swift */,
				60B50E0D2906F19C00396308 /* SavingStorage.swift */,
				60B50E0F2906F38100396308 /* SavingsCategoryStorage.swift */,
				60552B0929082FEF001F2B39 /* CoreDataModelStorage.swift */,
				60804B8B29AE5FE500F45E5F /* RecurringTransactionStorage.swift */,
			);
			path = Model;
			sourceTree = "<group>";
		};
		60BD9F4428F35C66001FF5FF /* ViewModel */ = {
			isa = PBXGroup;
			children = (
				6038737E290AD84D00AB7D0E /* Editors */,
				60552B0229081C9C001F2B39 /* Generics */,
				604F8E7529012EC500DD3781 /* Protocols */,
				6000FF7828F5FECF0083595D /* DashboardTiles */,
				60BD9F5B28F3615F001FF5FF /* SettingsTransactionsViewModel.swift */,
				60587B8528F3E68A0097D4F4 /* TransactionsViewModel.swift */,
				60A4CFB828F9A685007F392D /* SettingsSystemViewModel.swift */,
				603ADF9B290579E90075CB90 /* TransactionsCategorySummaryViewModel.swift */,
				60B50E152906F73A00396308 /* SettingsSavingsViewModel.swift */,
				60B50E192907020E00396308 /* SavingsCategoryViewModel.swift */,
				6038737C290AD67000AB7D0E /* SavingsViewModel.swift */,
				60804B9129AE642700F45E5F /* RecurringTransactionsViewModel.swift */,
				60BA8EE629E06E3700DA4A9C /* MonthExpenseCalculator.swift */,
				60BA8EEC29E07BAC00DA4A9C /* MonthCashflowCalculator.swift */,
				60BA8EF029E07DA000DA4A9C /* AbstractTransactionWrapper.swift */,
				60BA8EF429E0897A00DA4A9C /* MonthIncomeCalculator.swift */,
				602E999329E18B2F0063BBC7 /* SavingsEntryManager.swift */,
				6040E6EC29E694CE00939904 /* AssetAllocationViewModel.swift */,
			);
			path = ViewModel;
			sourceTree = "<group>";
		};
		60BD9F4728F35CB7001FF5FF /* View */ = {
			isa = PBXGroup;
			children = (
				602E998829E15B570063BBC7 /* SavingsView */,
				608C4D2E290D2C8600FFB45A /* Styles */,
				60A4CFB728F9A47A007F392D /* More */,
				6097917828F9399E00FA5621 /* Dashboard */,
				60BD9F4C28F35D0A001FF5FF /* Components */,
				60BD9F4828F35CCC001FF5FF /* AddTransactionView.swift */,
				60BD9F4A28F35D02001FF5FF /* DashboardView.swift */,
				60BD9F5128F35D52001FF5FF /* MoreView.swift */,
				60BD9F5328F35D66001FF5FF /* TransactionsView.swift */,
				60BD9F5728F35ECB001FF5FF /* TransactionCategoryFormView.swift */,
				60B50E132906F5F400396308 /* SavingsCategoryFormView.swift */,
				60387381290ADA3F00AB7D0E /* SavingsEntryFormView.swift */,
				60804B9329AE66EB00F45E5F /* RecurringTransactionFormView.swift */,
			);
			path = View;
			sourceTree = "<group>";
		};
		60BD9F4C28F35D0A001FF5FF /* Components */ = {
			isa = PBXGroup;
			children = (
				600C39B828F54E9800688149 /* MonthYearPicker.swift */,
				6097917628F935B400FA5621 /* PieChart.swift */,
				6097917B28F944E600FA5621 /* CurrencyPieChart.swift */,
				6045379128FABB0E002EFC7F /* DocumentPicker.swift */,
				6045379328FAC9A4002EFC7F /* ImportSummaryRow.swift */,
				60E7605928FD412100FAB25A /* BudgetBattery.swift */,
				60E7605F28FD5AB400FAB25A /* AverageOneYearBarChart.swift */,
				603ADF8F290554140075CB90 /* LargeValuePerMonthChart.swift */,
				603ADF9129055D8D0075CB90 /* CategorySummaryTile.swift */,
				603ADF99290564F20075CB90 /* TransactionsList.swift */,
				60552B0529081E19001F2B39 /* EditableDeletableItemList.swift */,
				60387385290AEAF300AB7D0E /* EditableDeletableItem.swift */,
				608C4D2C290D2AFC00FFB45A /* ListBase.swift */,
				608C4D31290D2F1F00FFB45A /* NavigationGroupBoxLabel.swift */,
				600D884F291698B0002BE3F5 /* AssetAllocationPieChart.swift */,
				604DBDD629B1D909008C26ED /* RecurringTransactionListTile.swift */,
				604DBDDC29B1DB95008C26ED /* RecurringTransactionsLineChart.swift */,
				60BA8EE429E06A5A00DA4A9C /* TransactionCategoryPicker.swift */,
				60BA8EE829E0770600DA4A9C /* ExpensesGroupBox.swift */,
				60BA8EEA29E07B7900DA4A9C /* CashflowChartGroupBox.swift */,
				60BA8EF229E0893300DA4A9C /* IncomeGroupBox.swift */,
				6078317229E70573001FEC51 /* MonthYearPickerForm.swift */,
			);
			path = Components;
			sourceTree = "<group>";
		};
		60BD9F5D28F36239001FF5FF /* Extensions */ = {
			isa = PBXGroup;
			children = (
				60BD9F5E28F36244001FF5FF /* ModelExtensions.swift */,
				600C39B628F53D1000688149 /* ViewExtensions.swift */,
				602E45C328F9608D003FD564 /* ShapeExtensions.swift */,
				60A4CFB328F9A15D007F392D /* BundleExtensions.swift */,
				60A4CFBA28F9ABF2007F392D /* DateExtensions.swift */,
				60387387290AFB0D00AB7D0E /* CoreDataExtensions.swift */,
				608B80BC29B6544500047F3D /* TypeExtensions.swift */,
			);
			path = Extensions;
			sourceTree = "<group>";
		};
/* End PBXGroup section */

/* Begin PBXNativeTarget section */
		60BD9F0D28F35B6F001FF5FF /* Monity */ = {
			isa = PBXNativeTarget;
			buildConfigurationList = 60BD9F3828F35B70001FF5FF /* Build configuration list for PBXNativeTarget "Monity" */;
			buildPhases = (
				60BD9F0A28F35B6F001FF5FF /* Sources */,
				60BD9F0B28F35B6F001FF5FF /* Frameworks */,
				60BD9F0C28F35B6F001FF5FF /* Resources */,
			);
			buildRules = (
			);
			dependencies = (
			);
			name = Monity;
			packageProductDependencies = (
			);
			productName = Monity;
			productReference = 60BD9F0E28F35B6F001FF5FF /* Monity.app */;
			productType = "com.apple.product-type.application";
		};
		60BD9F2328F35B70001FF5FF /* MonityTests */ = {
			isa = PBXNativeTarget;
			buildConfigurationList = 60BD9F3B28F35B70001FF5FF /* Build configuration list for PBXNativeTarget "MonityTests" */;
			buildPhases = (
				60BD9F2028F35B70001FF5FF /* Sources */,
				60BD9F2128F35B70001FF5FF /* Frameworks */,
				60BD9F2228F35B70001FF5FF /* Resources */,
			);
			buildRules = (
			);
			dependencies = (
				60BD9F2628F35B70001FF5FF /* PBXTargetDependency */,
			);
			name = MonityTests;
			productName = MonityTests;
			productReference = 60BD9F2428F35B70001FF5FF /* MonityTests.xctest */;
			productType = "com.apple.product-type.bundle.unit-test";
		};
		60BD9F2D28F35B70001FF5FF /* MonityUITests */ = {
			isa = PBXNativeTarget;
			buildConfigurationList = 60BD9F3E28F35B70001FF5FF /* Build configuration list for PBXNativeTarget "MonityUITests" */;
			buildPhases = (
				60BD9F2A28F35B70001FF5FF /* Sources */,
				60BD9F2B28F35B70001FF5FF /* Frameworks */,
				60BD9F2C28F35B70001FF5FF /* Resources */,
			);
			buildRules = (
			);
			dependencies = (
				60BD9F3028F35B70001FF5FF /* PBXTargetDependency */,
			);
			name = MonityUITests;
			productName = MonityUITests;
			productReference = 60BD9F2E28F35B70001FF5FF /* MonityUITests.xctest */;
			productType = "com.apple.product-type.bundle.ui-testing";
		};
/* End PBXNativeTarget section */

/* Begin PBXProject section */
		60BD9F0628F35B6F001FF5FF /* Project object */ = {
			isa = PBXProject;
			attributes = {
				BuildIndependentTargetsInParallel = 1;
				LastSwiftUpdateCheck = 1400;
				LastUpgradeCheck = 1410;
				TargetAttributes = {
					60BD9F0D28F35B6F001FF5FF = {
						CreatedOnToolsVersion = 14.0.1;
					};
					60BD9F2328F35B70001FF5FF = {
						CreatedOnToolsVersion = 14.0.1;
						TestTargetID = 60BD9F0D28F35B6F001FF5FF;
					};
					60BD9F2D28F35B70001FF5FF = {
						CreatedOnToolsVersion = 14.0.1;
						TestTargetID = 60BD9F0D28F35B6F001FF5FF;
					};
				};
			};
			buildConfigurationList = 60BD9F0928F35B6F001FF5FF /* Build configuration list for PBXProject "Monity" */;
			compatibilityVersion = "Xcode 14.0";
			developmentRegion = en;
			hasScannedForEncodings = 0;
			knownRegions = (
				en,
				Base,
				de,
			);
			mainGroup = 60BD9F0528F35B6F001FF5FF;
			packageReferences = (
			);
			productRefGroup = 60BD9F0F28F35B6F001FF5FF /* Products */;
			projectDirPath = "";
			projectRoot = "";
			targets = (
				60BD9F0D28F35B6F001FF5FF /* Monity */,
				60BD9F2328F35B70001FF5FF /* MonityTests */,
				60BD9F2D28F35B70001FF5FF /* MonityUITests */,
			);
		};
/* End PBXProject section */

/* Begin PBXResourcesBuildPhase section */
		60BD9F0C28F35B6F001FF5FF /* Resources */ = {
			isa = PBXResourcesBuildPhase;
			buildActionMask = 2147483647;
			files = (
				60BD9F1928F35B70001FF5FF /* Preview Assets.xcassets in Resources */,
				608B80C029B656CC00047F3D /* Localizable.stringsdict in Resources */,
				608C4D36290D640100FFB45A /* Localizable.strings in Resources */,
				60BD9F1628F35B70001FF5FF /* Assets.xcassets in Resources */,
			);
			runOnlyForDeploymentPostprocessing = 0;
		};
		60BD9F2228F35B70001FF5FF /* Resources */ = {
			isa = PBXResourcesBuildPhase;
			buildActionMask = 2147483647;
			files = (
			);
			runOnlyForDeploymentPostprocessing = 0;
		};
		60BD9F2C28F35B70001FF5FF /* Resources */ = {
			isa = PBXResourcesBuildPhase;
			buildActionMask = 2147483647;
			files = (
			);
			runOnlyForDeploymentPostprocessing = 0;
		};
/* End PBXResourcesBuildPhase section */

/* Begin PBXSourcesBuildPhase section */
		60BD9F0A28F35B6F001FF5FF /* Sources */ = {
			isa = PBXSourcesBuildPhase;
			buildActionMask = 2147483647;
			files = (
				604DBDD929B1DA0B008C26ED /* RecurringTransactionsTile.swift in Sources */,
				60387382290ADA3F00AB7D0E /* SavingsEntryFormView.swift in Sources */,
				600C39B728F53D1000688149 /* ViewExtensions.swift in Sources */,
				6038737D290AD67000AB7D0E /* SavingsViewModel.swift in Sources */,
				60BD9F5028F35D41001FF5FF /* More_TransactionsView.swift in Sources */,
				60A4CFB228F99ED8007F392D /* Haptics.swift in Sources */,
				60587B8628F3E68A0097D4F4 /* TransactionsViewModel.swift in Sources */,
				60BA8EF329E0893300DA4A9C /* IncomeGroupBox.swift in Sources */,
				608C4D30290D2C8F00FFB45A /* GroupBoxStyles.swift in Sources */,
				6045379628FAD065002EFC7F /* Utils.swift in Sources */,
				60BD9F5F28F36244001FF5FF /* ModelExtensions.swift in Sources */,
				60BD9F4928F35CCC001FF5FF /* AddTransactionView.swift in Sources */,
				6045379228FABB0E002EFC7F /* DocumentPicker.swift in Sources */,
				603ADF98290563AB0075CB90 /* TransactionCategorySummaryView.swift in Sources */,
				60A4CFC028F9C175007F392D /* More_SavingsView.swift in Sources */,
				60B50E102906F38100396308 /* SavingsCategoryStorage.swift in Sources */,
				60A4CFB428F9A15D007F392D /* BundleExtensions.swift in Sources */,
				60387379290AC19B00AB7D0E /* SavingsTile.swift in Sources */,
				60E7605C28FD454D00FAB25A /* AverageExpenseAndIncomeTile.swift in Sources */,
				60804B8E29AE608B00F45E5F /* Enums.swift in Sources */,
				60BD9F4B28F35D02001FF5FF /* DashboardView.swift in Sources */,
				603FDE7629012F1F000398C7 /* PieChartViewModel.swift in Sources */,
				60BA8EF129E07DA000DA4A9C /* AbstractTransactionWrapper.swift in Sources */,
				60BD9F1B28F35B70001FF5FF /* Persistence.swift in Sources */,
				60E7606028FD5AB400FAB25A /* AverageOneYearBarChart.swift in Sources */,
				60587B8B28F3F15B0097D4F4 /* RichFetchRequest.swift in Sources */,
				60A1DDD028FDA32800635F39 /* AverageExpenseDetailView.swift in Sources */,
				602E999629E18E970063BBC7 /* DashboardSettingsView.swift in Sources */,
				604DBDD729B1D909008C26ED /* RecurringTransactionListTile.swift in Sources */,
				604DBDDD29B1DB95008C26ED /* RecurringTransactionsLineChart.swift in Sources */,
				60BD9F4628F35C77001FF5FF /* TransactionEditor.swift in Sources */,
				60BA8EF529E0897A00DA4A9C /* MonthIncomeCalculator.swift in Sources */,
				6040E6ED29E694CE00939904 /* AssetAllocationViewModel.swift in Sources */,
				60B50E122906F43100396308 /* SavingsCategoryEditor.swift in Sources */,
				608B80BB29B6469700047F3D /* SavingsPredictionBox.swift in Sources */,
				602E45C228F95D46003FD564 /* CurrentMonthDetailView.swift in Sources */,
				60B50E162906F73A00396308 /* SettingsSavingsViewModel.swift in Sources */,
				60804B9229AE642700F45E5F /* RecurringTransactionsViewModel.swift in Sources */,
				60A4CFB928F9A685007F392D /* SettingsSystemViewModel.swift in Sources */,
				6097917C28F944E600FA5621 /* CurrencyPieChart.swift in Sources */,
				60BD9F5428F35D66001FF5FF /* TransactionsView.swift in Sources */,
				60E7605A28FD412100FAB25A /* BudgetBattery.swift in Sources */,
				602E999029E1690A0063BBC7 /* SavingsCategoryList.swift in Sources */,
				600921ED290EA5DB004897F7 /* DataExporter.swift in Sources */,
				6014FF4528F96E7F00413CE2 /* Structures.swift in Sources */,
				602E998E29E15EF80063BBC7 /* SavingsCategoryTile.swift in Sources */,
				600D8850291698B0002BE3F5 /* AssetAllocationPieChart.swift in Sources */,
				603ADF90290554140075CB90 /* LargeValuePerMonthChart.swift in Sources */,
				608C4D32290D2F1F00FFB45A /* NavigationGroupBoxLabel.swift in Sources */,
				600C39B928F54E9800688149 /* MonthYearPicker.swift in Sources */,
				604CF434290EDF13009B6D08 /* More_OptionsView.swift in Sources */,
				60A4CFB628F9A446007F392D /* More_SystemView.swift in Sources */,
				60E7605E28FD4D3600FAB25A /* AverageMonthlyChartViewModel.swift in Sources */,
				60552B0A29082FEF001F2B39 /* CoreDataModelStorage.swift in Sources */,
				604DBDDB29B1DAE4008C26ED /* RecurringTransactionsDetailView.swift in Sources */,
				60BA8EE929E0770600DA4A9C /* ExpensesGroupBox.swift in Sources */,
				600921EF290EB3E4004897F7 /* CSVRepresentable.swift in Sources */,
				6097917728F935B400FA5621 /* PieChart.swift in Sources */,
				60A4CFBB28F9ABF2007F392D /* DateExtensions.swift in Sources */,
				60BD9F5628F35D7A001FF5FF /* SavingsDetailView.swift in Sources */,
				60804B9629AE673F00F45E5F /* RecurringTransactionEditor.swift in Sources */,
				60BD9F5C28F3615F001FF5FF /* SettingsTransactionsViewModel.swift in Sources */,
				603ADF9C290579E90075CB90 /* TransactionsCategorySummaryViewModel.swift in Sources */,
				6000FF7728F5FBF00083595D /* CurrentMonthOverviewTile.swift in Sources */,
				60B50E0E2906F19C00396308 /* SavingStorage.swift in Sources */,
				60552B0429081CB0001F2B39 /* ItemListViewModel.swift in Sources */,
				60387388290AFB0D00AB7D0E /* CoreDataExtensions.swift in Sources */,
				60387386290AEAF300AB7D0E /* EditableDeletableItem.swift in Sources */,
				60552B0629081E19001F2B39 /* EditableDeletableItemList.swift in Sources */,
				603ADF9A290564F20075CB90 /* TransactionsList.swift in Sources */,
				60BD9F4328F35C27001FF5FF /* TransactionCategoryStorage.swift in Sources */,
				60B50E142906F5F400396308 /* SavingsCategoryFormView.swift in Sources */,
				608C4D2D290D2AFC00FFB45A /* ListBase.swift in Sources */,
				60387380290AD86400AB7D0E /* SavingsEditor.swift in Sources */,
				60BA8EED29E07BAC00DA4A9C /* MonthCashflowCalculator.swift in Sources */,
				60804B8C29AE5FE500F45E5F /* RecurringTransactionStorage.swift in Sources */,
				60BD9F5A28F35F28001FF5FF /* TransactionCategoryEditor.swift in Sources */,
				60B50E1A2907020E00396308 /* SavingsCategoryViewModel.swift in Sources */,
				602E998A29E15B980063BBC7 /* SavingsProjections.swift in Sources */,
				6000FF7A28F5FEDE0083595D /* MonthlyOverviewViewModel.swift in Sources */,
				60BD9F1228F35B6F001FF5FF /* MonityApp.swift in Sources */,
				603ADF9229055D8D0075CB90 /* CategorySummaryTile.swift in Sources */,
				602E998C29E15C700063BBC7 /* SavingsLineChart.swift in Sources */,
				6045379428FAC9A4002EFC7F /* ImportSummaryRow.swift in Sources */,
				60BA8EEB29E07B7900DA4A9C /* CashflowChartGroupBox.swift in Sources */,
				602E45C428F9608D003FD564 /* ShapeExtensions.swift in Sources */,
				60804B9429AE66EB00F45E5F /* RecurringTransactionFormView.swift in Sources */,
				6078317329E70573001FEC51 /* MonthYearPickerForm.swift in Sources */,
				60587B8428F3E22E0097D4F4 /* TransactionStorage.swift in Sources */,
				60BD9F1E28F35B70001FF5FF /* Monity.xcdatamodeld in Sources */,
				60387384290AE54400AB7D0E /* SavingsCategoryListView.swift in Sources */,
				60BD9F5828F35ECB001FF5FF /* TransactionCategoryFormView.swift in Sources */,
				60BA8EE729E06E3700DA4A9C /* MonthExpenseCalculator.swift in Sources */,
				602E999429E18B2F0063BBC7 /* SavingsEntryManager.swift in Sources */,
				60BD9F5228F35D52001FF5FF /* MoreView.swift in Sources */,
				60BA8EE529E06A5A00DA4A9C /* TransactionCategoryPicker.swift in Sources */,
				608B80BD29B6544500047F3D /* TypeExtensions.swift in Sources */,
			);
			runOnlyForDeploymentPostprocessing = 0;
		};
		60BD9F2028F35B70001FF5FF /* Sources */ = {
			isa = PBXSourcesBuildPhase;
			buildActionMask = 2147483647;
			files = (
				60BD9F2928F35B70001FF5FF /* MonityTests.swift in Sources */,
			);
			runOnlyForDeploymentPostprocessing = 0;
		};
		60BD9F2A28F35B70001FF5FF /* Sources */ = {
			isa = PBXSourcesBuildPhase;
			buildActionMask = 2147483647;
			files = (
				60BD9F3528F35B70001FF5FF /* MonityUITestsLaunchTests.swift in Sources */,
				60BD9F3328F35B70001FF5FF /* MonityUITests.swift in Sources */,
			);
			runOnlyForDeploymentPostprocessing = 0;
		};
/* End PBXSourcesBuildPhase section */

/* Begin PBXTargetDependency section */
		60BD9F2628F35B70001FF5FF /* PBXTargetDependency */ = {
			isa = PBXTargetDependency;
			target = 60BD9F0D28F35B6F001FF5FF /* Monity */;
			targetProxy = 60BD9F2528F35B70001FF5FF /* PBXContainerItemProxy */;
		};
		60BD9F3028F35B70001FF5FF /* PBXTargetDependency */ = {
			isa = PBXTargetDependency;
			target = 60BD9F0D28F35B6F001FF5FF /* Monity */;
			targetProxy = 60BD9F2F28F35B70001FF5FF /* PBXContainerItemProxy */;
		};
/* End PBXTargetDependency section */

/* Begin PBXVariantGroup section */
		608B80C229B656CC00047F3D /* Localizable.stringsdict */ = {
			isa = PBXVariantGroup;
			children = (
				608B80C129B656CC00047F3D /* en */,
				608B80C329B656D000047F3D /* de */,
			);
			name = Localizable.stringsdict;
			sourceTree = "<group>";
		};
		608C4D38290D640100FFB45A /* Localizable.strings */ = {
			isa = PBXVariantGroup;
			children = (
				608C4D37290D640100FFB45A /* en */,
				608C4D39290D640500FFB45A /* de */,
			);
			name = Localizable.strings;
			sourceTree = "<group>";
		};
/* End PBXVariantGroup section */

/* Begin XCBuildConfiguration section */
		60BD9F3628F35B70001FF5FF /* Debug */ = {
			isa = XCBuildConfiguration;
			buildSettings = {
				ALWAYS_SEARCH_USER_PATHS = NO;
				CLANG_ANALYZER_LOCALIZABILITY_NONLOCALIZED = YES;
				CLANG_ANALYZER_NONNULL = YES;
				CLANG_ANALYZER_NUMBER_OBJECT_CONVERSION = YES_AGGRESSIVE;
				CLANG_CXX_LANGUAGE_STANDARD = "gnu++20";
				CLANG_ENABLE_MODULES = YES;
				CLANG_ENABLE_OBJC_ARC = YES;
				CLANG_ENABLE_OBJC_WEAK = YES;
				CLANG_WARN_BLOCK_CAPTURE_AUTORELEASING = YES;
				CLANG_WARN_BOOL_CONVERSION = YES;
				CLANG_WARN_COMMA = YES;
				CLANG_WARN_CONSTANT_CONVERSION = YES;
				CLANG_WARN_DEPRECATED_OBJC_IMPLEMENTATIONS = YES;
				CLANG_WARN_DIRECT_OBJC_ISA_USAGE = YES_ERROR;
				CLANG_WARN_DOCUMENTATION_COMMENTS = YES;
				CLANG_WARN_EMPTY_BODY = YES;
				CLANG_WARN_ENUM_CONVERSION = YES;
				CLANG_WARN_INFINITE_RECURSION = YES;
				CLANG_WARN_INT_CONVERSION = YES;
				CLANG_WARN_NON_LITERAL_NULL_CONVERSION = YES;
				CLANG_WARN_OBJC_IMPLICIT_RETAIN_SELF = YES;
				CLANG_WARN_OBJC_LITERAL_CONVERSION = YES;
				CLANG_WARN_OBJC_ROOT_CLASS = YES_ERROR;
				CLANG_WARN_QUOTED_INCLUDE_IN_FRAMEWORK_HEADER = YES;
				CLANG_WARN_RANGE_LOOP_ANALYSIS = YES;
				CLANG_WARN_STRICT_PROTOTYPES = YES;
				CLANG_WARN_SUSPICIOUS_MOVE = YES;
				CLANG_WARN_UNGUARDED_AVAILABILITY = YES_AGGRESSIVE;
				CLANG_WARN_UNREACHABLE_CODE = YES;
				CLANG_WARN__DUPLICATE_METHOD_MATCH = YES;
				COPY_PHASE_STRIP = NO;
				DEBUG_INFORMATION_FORMAT = dwarf;
				ENABLE_STRICT_OBJC_MSGSEND = YES;
				ENABLE_TESTABILITY = YES;
				GCC_C_LANGUAGE_STANDARD = gnu11;
				GCC_DYNAMIC_NO_PIC = NO;
				GCC_NO_COMMON_BLOCKS = YES;
				GCC_OPTIMIZATION_LEVEL = 0;
				GCC_PREPROCESSOR_DEFINITIONS = (
					"DEBUG=1",
					"$(inherited)",
				);
				GCC_WARN_64_TO_32_BIT_CONVERSION = YES;
				GCC_WARN_ABOUT_RETURN_TYPE = YES_ERROR;
				GCC_WARN_UNDECLARED_SELECTOR = YES;
				GCC_WARN_UNINITIALIZED_AUTOS = YES_AGGRESSIVE;
				GCC_WARN_UNUSED_FUNCTION = YES;
				GCC_WARN_UNUSED_VARIABLE = YES;
				INFOPLIST_KEY_UISupportsDocumentBrowser = YES;
				IPHONEOS_DEPLOYMENT_TARGET = 16.0;
				MTL_ENABLE_DEBUG_INFO = INCLUDE_SOURCE;
				MTL_FAST_MATH = YES;
				ONLY_ACTIVE_ARCH = YES;
				SDKROOT = iphoneos;
				SWIFT_ACTIVE_COMPILATION_CONDITIONS = DEBUG;
				SWIFT_OPTIMIZATION_LEVEL = "-Onone";
			};
			name = Debug;
		};
		60BD9F3728F35B70001FF5FF /* Release */ = {
			isa = XCBuildConfiguration;
			buildSettings = {
				ALWAYS_SEARCH_USER_PATHS = NO;
				CLANG_ANALYZER_LOCALIZABILITY_NONLOCALIZED = YES;
				CLANG_ANALYZER_NONNULL = YES;
				CLANG_ANALYZER_NUMBER_OBJECT_CONVERSION = YES_AGGRESSIVE;
				CLANG_CXX_LANGUAGE_STANDARD = "gnu++20";
				CLANG_ENABLE_MODULES = YES;
				CLANG_ENABLE_OBJC_ARC = YES;
				CLANG_ENABLE_OBJC_WEAK = YES;
				CLANG_WARN_BLOCK_CAPTURE_AUTORELEASING = YES;
				CLANG_WARN_BOOL_CONVERSION = YES;
				CLANG_WARN_COMMA = YES;
				CLANG_WARN_CONSTANT_CONVERSION = YES;
				CLANG_WARN_DEPRECATED_OBJC_IMPLEMENTATIONS = YES;
				CLANG_WARN_DIRECT_OBJC_ISA_USAGE = YES_ERROR;
				CLANG_WARN_DOCUMENTATION_COMMENTS = YES;
				CLANG_WARN_EMPTY_BODY = YES;
				CLANG_WARN_ENUM_CONVERSION = YES;
				CLANG_WARN_INFINITE_RECURSION = YES;
				CLANG_WARN_INT_CONVERSION = YES;
				CLANG_WARN_NON_LITERAL_NULL_CONVERSION = YES;
				CLANG_WARN_OBJC_IMPLICIT_RETAIN_SELF = YES;
				CLANG_WARN_OBJC_LITERAL_CONVERSION = YES;
				CLANG_WARN_OBJC_ROOT_CLASS = YES_ERROR;
				CLANG_WARN_QUOTED_INCLUDE_IN_FRAMEWORK_HEADER = YES;
				CLANG_WARN_RANGE_LOOP_ANALYSIS = YES;
				CLANG_WARN_STRICT_PROTOTYPES = YES;
				CLANG_WARN_SUSPICIOUS_MOVE = YES;
				CLANG_WARN_UNGUARDED_AVAILABILITY = YES_AGGRESSIVE;
				CLANG_WARN_UNREACHABLE_CODE = YES;
				CLANG_WARN__DUPLICATE_METHOD_MATCH = YES;
				COPY_PHASE_STRIP = NO;
				DEBUG_INFORMATION_FORMAT = "dwarf-with-dsym";
				ENABLE_NS_ASSERTIONS = NO;
				ENABLE_STRICT_OBJC_MSGSEND = YES;
				GCC_C_LANGUAGE_STANDARD = gnu11;
				GCC_NO_COMMON_BLOCKS = YES;
				GCC_WARN_64_TO_32_BIT_CONVERSION = YES;
				GCC_WARN_ABOUT_RETURN_TYPE = YES_ERROR;
				GCC_WARN_UNDECLARED_SELECTOR = YES;
				GCC_WARN_UNINITIALIZED_AUTOS = YES_AGGRESSIVE;
				GCC_WARN_UNUSED_FUNCTION = YES;
				GCC_WARN_UNUSED_VARIABLE = YES;
				INFOPLIST_KEY_UISupportsDocumentBrowser = YES;
				IPHONEOS_DEPLOYMENT_TARGET = 16.0;
				MTL_ENABLE_DEBUG_INFO = NO;
				MTL_FAST_MATH = YES;
				SDKROOT = iphoneos;
				SWIFT_COMPILATION_MODE = wholemodule;
				SWIFT_OPTIMIZATION_LEVEL = "-O";
				VALIDATE_PRODUCT = YES;
			};
			name = Release;
		};
		60BD9F3928F35B70001FF5FF /* Debug */ = {
			isa = XCBuildConfiguration;
			buildSettings = {
				ASSETCATALOG_COMPILER_ALTERNATE_APPICON_NAMES = "AppIcon 1";
				ASSETCATALOG_COMPILER_APPICON_NAME = AppIcon;
				ASSETCATALOG_COMPILER_GLOBAL_ACCENT_COLOR_NAME = AccentColor;
				ASSETCATALOG_COMPILER_INCLUDE_ALL_APPICON_ASSETS = YES;
				CODE_SIGN_ENTITLEMENTS = Monity/Monity.entitlements;
				CODE_SIGN_STYLE = Automatic;
				CURRENT_PROJECT_VERSION = 1;
				DEVELOPMENT_ASSET_PATHS = "\"Monity/Preview Content\"";
				DEVELOPMENT_TEAM = 5BW79HX26Y;
				ENABLE_PREVIEWS = YES;
				GENERATE_INFOPLIST_FILE = YES;
				INFOPLIST_FILE = Monity/Info.plist;
				INFOPLIST_KEY_CFBundleDisplayName = Monity;
				INFOPLIST_KEY_LSApplicationCategoryType = "public.app-category.finance";
				INFOPLIST_KEY_UIApplicationSceneManifest_Generation = YES;
				INFOPLIST_KEY_UIApplicationSupportsIndirectInputEvents = YES;
				INFOPLIST_KEY_UILaunchScreen_Generation = YES;
				INFOPLIST_KEY_UISupportedInterfaceOrientations = UIInterfaceOrientationPortrait;
				INFOPLIST_KEY_UISupportedInterfaceOrientations_iPad = "UIInterfaceOrientationLandscapeLeft UIInterfaceOrientationLandscapeRight UIInterfaceOrientationPortrait UIInterfaceOrientationPortraitUpsideDown";
				INFOPLIST_KEY_UISupportsDocumentBrowser = YES;
				LD_RUNPATH_SEARCH_PATHS = (
					"$(inherited)",
					"@executable_path/Frameworks",
				);
				MARKETING_VERSION = 1.0;
				PRODUCT_BUNDLE_IDENTIFIER = com.niklaskuder.Monity;
				PRODUCT_NAME = "$(TARGET_NAME)";
				SWIFT_EMIT_LOC_STRINGS = YES;
				SWIFT_VERSION = 5.0;
				TARGETED_DEVICE_FAMILY = "1,2";
			};
			name = Debug;
		};
		60BD9F3A28F35B70001FF5FF /* Release */ = {
			isa = XCBuildConfiguration;
			buildSettings = {
				ASSETCATALOG_COMPILER_ALTERNATE_APPICON_NAMES = "AppIcon 1";
				ASSETCATALOG_COMPILER_APPICON_NAME = AppIcon;
				ASSETCATALOG_COMPILER_GLOBAL_ACCENT_COLOR_NAME = AccentColor;
				ASSETCATALOG_COMPILER_INCLUDE_ALL_APPICON_ASSETS = YES;
				CODE_SIGN_ENTITLEMENTS = Monity/Monity.entitlements;
				CODE_SIGN_STYLE = Automatic;
				CURRENT_PROJECT_VERSION = 1;
				DEVELOPMENT_ASSET_PATHS = "\"Monity/Preview Content\"";
				DEVELOPMENT_TEAM = 5BW79HX26Y;
				ENABLE_PREVIEWS = YES;
				GENERATE_INFOPLIST_FILE = YES;
				INFOPLIST_FILE = Monity/Info.plist;
				INFOPLIST_KEY_CFBundleDisplayName = Monity;
				INFOPLIST_KEY_LSApplicationCategoryType = "public.app-category.finance";
				INFOPLIST_KEY_UIApplicationSceneManifest_Generation = YES;
				INFOPLIST_KEY_UIApplicationSupportsIndirectInputEvents = YES;
				INFOPLIST_KEY_UILaunchScreen_Generation = YES;
				INFOPLIST_KEY_UISupportedInterfaceOrientations = UIInterfaceOrientationPortrait;
				INFOPLIST_KEY_UISupportedInterfaceOrientations_iPad = "UIInterfaceOrientationLandscapeLeft UIInterfaceOrientationLandscapeRight UIInterfaceOrientationPortrait UIInterfaceOrientationPortraitUpsideDown";
				INFOPLIST_KEY_UISupportsDocumentBrowser = YES;
				LD_RUNPATH_SEARCH_PATHS = (
					"$(inherited)",
					"@executable_path/Frameworks",
				);
				MARKETING_VERSION = 1.0;
				PRODUCT_BUNDLE_IDENTIFIER = com.niklaskuder.Monity;
				PRODUCT_NAME = "$(TARGET_NAME)";
				SWIFT_EMIT_LOC_STRINGS = YES;
				SWIFT_VERSION = 5.0;
				TARGETED_DEVICE_FAMILY = "1,2";
			};
			name = Release;
		};
		60BD9F3C28F35B70001FF5FF /* Debug */ = {
			isa = XCBuildConfiguration;
			buildSettings = {
				ALWAYS_EMBED_SWIFT_STANDARD_LIBRARIES = YES;
				BUNDLE_LOADER = "$(TEST_HOST)";
				CODE_SIGN_STYLE = Automatic;
				CURRENT_PROJECT_VERSION = 1;
				DEVELOPMENT_TEAM = 5BW79HX26Y;
				GENERATE_INFOPLIST_FILE = YES;
				IPHONEOS_DEPLOYMENT_TARGET = 16.0;
				MARKETING_VERSION = 1.0;
				PRODUCT_BUNDLE_IDENTIFIER = com.niklaskuder.MonityTests;
				PRODUCT_NAME = "$(TARGET_NAME)";
				SWIFT_EMIT_LOC_STRINGS = NO;
				SWIFT_VERSION = 5.0;
				TARGETED_DEVICE_FAMILY = "1,2";
				TEST_HOST = "$(BUILT_PRODUCTS_DIR)/Monity.app/$(BUNDLE_EXECUTABLE_FOLDER_PATH)/Monity";
			};
			name = Debug;
		};
		60BD9F3D28F35B70001FF5FF /* Release */ = {
			isa = XCBuildConfiguration;
			buildSettings = {
				ALWAYS_EMBED_SWIFT_STANDARD_LIBRARIES = YES;
				BUNDLE_LOADER = "$(TEST_HOST)";
				CODE_SIGN_STYLE = Automatic;
				CURRENT_PROJECT_VERSION = 1;
				DEVELOPMENT_TEAM = 5BW79HX26Y;
				GENERATE_INFOPLIST_FILE = YES;
				IPHONEOS_DEPLOYMENT_TARGET = 16.0;
				MARKETING_VERSION = 1.0;
				PRODUCT_BUNDLE_IDENTIFIER = com.niklaskuder.MonityTests;
				PRODUCT_NAME = "$(TARGET_NAME)";
				SWIFT_EMIT_LOC_STRINGS = NO;
				SWIFT_VERSION = 5.0;
				TARGETED_DEVICE_FAMILY = "1,2";
				TEST_HOST = "$(BUILT_PRODUCTS_DIR)/Monity.app/$(BUNDLE_EXECUTABLE_FOLDER_PATH)/Monity";
			};
			name = Release;
		};
		60BD9F3F28F35B70001FF5FF /* Debug */ = {
			isa = XCBuildConfiguration;
			buildSettings = {
				ALWAYS_EMBED_SWIFT_STANDARD_LIBRARIES = YES;
				CODE_SIGN_STYLE = Automatic;
				CURRENT_PROJECT_VERSION = 1;
				DEVELOPMENT_TEAM = 5BW79HX26Y;
				GENERATE_INFOPLIST_FILE = YES;
				MARKETING_VERSION = 1.0;
				PRODUCT_BUNDLE_IDENTIFIER = com.niklaskuder.MonityUITests;
				PRODUCT_NAME = "$(TARGET_NAME)";
				SWIFT_EMIT_LOC_STRINGS = NO;
				SWIFT_VERSION = 5.0;
				TARGETED_DEVICE_FAMILY = "1,2";
				TEST_TARGET_NAME = Monity;
			};
			name = Debug;
		};
		60BD9F4028F35B70001FF5FF /* Release */ = {
			isa = XCBuildConfiguration;
			buildSettings = {
				ALWAYS_EMBED_SWIFT_STANDARD_LIBRARIES = YES;
				CODE_SIGN_STYLE = Automatic;
				CURRENT_PROJECT_VERSION = 1;
				DEVELOPMENT_TEAM = 5BW79HX26Y;
				GENERATE_INFOPLIST_FILE = YES;
				MARKETING_VERSION = 1.0;
				PRODUCT_BUNDLE_IDENTIFIER = com.niklaskuder.MonityUITests;
				PRODUCT_NAME = "$(TARGET_NAME)";
				SWIFT_EMIT_LOC_STRINGS = NO;
				SWIFT_VERSION = 5.0;
				TARGETED_DEVICE_FAMILY = "1,2";
				TEST_TARGET_NAME = Monity;
			};
			name = Release;
		};
/* End XCBuildConfiguration section */

/* Begin XCConfigurationList section */
		60BD9F0928F35B6F001FF5FF /* Build configuration list for PBXProject "Monity" */ = {
			isa = XCConfigurationList;
			buildConfigurations = (
				60BD9F3628F35B70001FF5FF /* Debug */,
				60BD9F3728F35B70001FF5FF /* Release */,
			);
			defaultConfigurationIsVisible = 0;
			defaultConfigurationName = Release;
		};
		60BD9F3828F35B70001FF5FF /* Build configuration list for PBXNativeTarget "Monity" */ = {
			isa = XCConfigurationList;
			buildConfigurations = (
				60BD9F3928F35B70001FF5FF /* Debug */,
				60BD9F3A28F35B70001FF5FF /* Release */,
			);
			defaultConfigurationIsVisible = 0;
			defaultConfigurationName = Release;
		};
		60BD9F3B28F35B70001FF5FF /* Build configuration list for PBXNativeTarget "MonityTests" */ = {
			isa = XCConfigurationList;
			buildConfigurations = (
				60BD9F3C28F35B70001FF5FF /* Debug */,
				60BD9F3D28F35B70001FF5FF /* Release */,
			);
			defaultConfigurationIsVisible = 0;
			defaultConfigurationName = Release;
		};
		60BD9F3E28F35B70001FF5FF /* Build configuration list for PBXNativeTarget "MonityUITests" */ = {
			isa = XCConfigurationList;
			buildConfigurations = (
				60BD9F3F28F35B70001FF5FF /* Debug */,
				60BD9F4028F35B70001FF5FF /* Release */,
			);
			defaultConfigurationIsVisible = 0;
			defaultConfigurationName = Release;
		};
/* End XCConfigurationList section */

/* Begin XCVersionGroup section */
		60BD9F1C28F35B70001FF5FF /* Monity.xcdatamodeld */ = {
			isa = XCVersionGroup;
			children = (
				60BD9F1D28F35B70001FF5FF /* Monity.xcdatamodel */,
			);
			currentVersion = 60BD9F1D28F35B70001FF5FF /* Monity.xcdatamodel */;
			path = Monity.xcdatamodeld;
			sourceTree = "<group>";
			versionGroupType = wrapper.xcdatamodel;
		};
/* End XCVersionGroup section */
	};
	rootObject = 60BD9F0628F35B6F001FF5FF /* Project object */;
}
